{
  "version": 4,
  "terraform_version": "1.10.2",
  "serial": 15,
  "lineage": "5063053f-26c6-2d4a-4598-c21034a124f3",
  "outputs": {
    "public_ip_address": {
      "value": "40.80.148.139",
      "type": "string"
    }
  },
  "resources": [
    {
      "mode": "data",
      "type": "azurerm_resource_group",
      "name": "existing",
      "provider": "provider[\"registry.terraform.io/hashicorp/azurerm\"]",
      "instances": [
        {
          "schema_version": 0,
          "attributes": {
            "id": "/subscriptions/28e1e42a-4438-4c30-9a5f-7d7b488fd883/resourceGroups/1-11758d91-playground-sandbox",
            "location": "eastus",
            "name": "1-11758d91-playground-sandbox",
            "tags": {},
            "timeouts": null
          },
          "sensitive_attributes": []
        }
      ]
    },
    {
      "mode": "managed",
      "type": "azurerm_network_interface",
      "name": "nic-tkxelassign2",
      "provider": "provider[\"registry.terraform.io/hashicorp/azurerm\"]",
      "instances": [
        {
          "schema_version": 0,
          "attributes": {
            "applied_dns_servers": [],
            "dns_servers": [],
            "edge_zone": "",
            "enable_accelerated_networking": false,
            "enable_ip_forwarding": false,
            "id": "/subscriptions/28e1e42a-4438-4c30-9a5f-7d7b488fd883/resourceGroups/1-11758d91-playground-sandbox/providers/Microsoft.Network/networkInterfaces/tkxelassign2-nic",
            "internal_dns_name_label": "",
            "internal_domain_name_suffix": "etoclvzwie1udhq5zto2pa3ald.bx.internal.cloudapp.net",
            "ip_configuration": [
              {
                "gateway_load_balancer_frontend_ip_configuration_id": "",
                "name": "tkxelassign2-IP-configuration1",
                "primary": true,
                "private_ip_address": "10.0.2.4",
                "private_ip_address_allocation": "Dynamic",
                "private_ip_address_version": "IPv4",
                "public_ip_address_id": "/subscriptions/28e1e42a-4438-4c30-9a5f-7d7b488fd883/resourceGroups/1-11758d91-playground-sandbox/providers/Microsoft.Network/publicIPAddresses/public-ip-tkxelassign2",
                "subnet_id": "/subscriptions/28e1e42a-4438-4c30-9a5f-7d7b488fd883/resourceGroups/1-11758d91-playground-sandbox/providers/Microsoft.Network/virtualNetworks/network-tkxelassign2/subnets/subnet-tkxelassign2"
              }
            ],
            "location": "eastus",
            "mac_address": "00-0D-3A-9D-81-75",
            "name": "tkxelassign2-nic",
            "private_ip_address": "10.0.2.4",
            "private_ip_addresses": [
              "10.0.2.4"
            ],
            "resource_group_name": "1-11758d91-playground-sandbox",
            "tags": {},
            "timeouts": null,
            "virtual_machine_id": "/subscriptions/28e1e42a-4438-4c30-9a5f-7d7b488fd883/resourceGroups/1-11758d91-playground-sandbox/providers/Microsoft.Compute/virtualMachines/vm-tkxelassign2"
          },
          "sensitive_attributes": [],
          "private": "eyJlMmJmYjczMC1lY2FhLTExZTYtOGY4OC0zNDM2M2JjN2M0YzAiOnsiY3JlYXRlIjoxODAwMDAwMDAwMDAwLCJkZWxldGUiOjE4MDAwMDAwMDAwMDAsInJlYWQiOjMwMDAwMDAwMDAwMCwidXBkYXRlIjoxODAwMDAwMDAwMDAwfX0=",
          "dependencies": [
            "azurerm_public_ip.terraform_public_ip",
            "azurerm_subnet.subnet-tkxelassign2",
            "azurerm_virtual_network.vn-tkxelassign2",
            "data.azurerm_resource_group.existing"
          ]
        }
      ]
    },
    {
      "mode": "managed",
      "type": "azurerm_network_interface_security_group_association",
      "name": "example",
      "provider": "provider[\"registry.terraform.io/hashicorp/azurerm\"]",
      "instances": [
        {
          "schema_version": 0,
          "attributes": {
            "id": "/subscriptions/28e1e42a-4438-4c30-9a5f-7d7b488fd883/resourceGroups/1-11758d91-playground-sandbox/providers/Microsoft.Network/networkInterfaces/tkxelassign2-nic|/subscriptions/28e1e42a-4438-4c30-9a5f-7d7b488fd883/resourceGroups/1-11758d91-playground-sandbox/providers/Microsoft.Network/networkSecurityGroups/terraform-nsg",
            "network_interface_id": "/subscriptions/28e1e42a-4438-4c30-9a5f-7d7b488fd883/resourceGroups/1-11758d91-playground-sandbox/providers/Microsoft.Network/networkInterfaces/tkxelassign2-nic",
            "network_security_group_id": "/subscriptions/28e1e42a-4438-4c30-9a5f-7d7b488fd883/resourceGroups/1-11758d91-playground-sandbox/providers/Microsoft.Network/networkSecurityGroups/terraform-nsg",
            "timeouts": null
          },
          "sensitive_attributes": [],
          "private": "eyJlMmJmYjczMC1lY2FhLTExZTYtOGY4OC0zNDM2M2JjN2M0YzAiOnsiY3JlYXRlIjoxODAwMDAwMDAwMDAwLCJkZWxldGUiOjE4MDAwMDAwMDAwMDAsInJlYWQiOjMwMDAwMDAwMDAwMCwidXBkYXRlIjoxODAwMDAwMDAwMDAwfX0=",
          "dependencies": [
            "azurerm_network_interface.nic-tkxelassign2",
            "azurerm_network_security_group.terraform_nsg",
            "azurerm_public_ip.terraform_public_ip",
            "azurerm_subnet.subnet-tkxelassign2",
            "azurerm_virtual_network.vn-tkxelassign2",
            "data.azurerm_resource_group.existing"
          ]
        }
      ]
    },
    {
      "mode": "managed",
      "type": "azurerm_network_security_group",
      "name": "terraform_nsg",
      "provider": "provider[\"registry.terraform.io/hashicorp/azurerm\"]",
      "instances": [
        {
          "schema_version": 0,
          "attributes": {
            "id": "/subscriptions/28e1e42a-4438-4c30-9a5f-7d7b488fd883/resourceGroups/1-11758d91-playground-sandbox/providers/Microsoft.Network/networkSecurityGroups/terraform-nsg",
            "location": "eastus",
            "name": "terraform-nsg",
            "resource_group_name": "1-11758d91-playground-sandbox",
            "security_rule": [
              {
                "access": "Allow",
                "description": "",
                "destination_address_prefix": "*",
                "destination_address_prefixes": [],
                "destination_application_security_group_ids": [],
                "destination_port_range": "22",
                "destination_port_ranges": [],
                "direction": "Inbound",
                "name": "SSH",
                "priority": 1001,
                "protocol": "Tcp",
                "source_address_prefix": "*",
                "source_address_prefixes": [],
                "source_application_security_group_ids": [],
                "source_port_range": "*",
                "source_port_ranges": []
              }
            ],
            "tags": {},
            "timeouts": null
          },
          "sensitive_attributes": [],
          "private": "eyJlMmJmYjczMC1lY2FhLTExZTYtOGY4OC0zNDM2M2JjN2M0YzAiOnsiY3JlYXRlIjoxODAwMDAwMDAwMDAwLCJkZWxldGUiOjE4MDAwMDAwMDAwMDAsInJlYWQiOjMwMDAwMDAwMDAwMCwidXBkYXRlIjoxODAwMDAwMDAwMDAwfX0=",
          "dependencies": [
            "data.azurerm_resource_group.existing"
          ]
        }
      ]
    },
    {
      "mode": "managed",
      "type": "azurerm_public_ip",
      "name": "terraform_public_ip",
      "provider": "provider[\"registry.terraform.io/hashicorp/azurerm\"]",
      "instances": [
        {
          "schema_version": 0,
          "attributes": {
            "allocation_method": "Dynamic",
            "domain_name_label": null,
            "edge_zone": "",
            "fqdn": null,
            "id": "/subscriptions/28e1e42a-4438-4c30-9a5f-7d7b488fd883/resourceGroups/1-11758d91-playground-sandbox/providers/Microsoft.Network/publicIPAddresses/public-ip-tkxelassign2",
            "idle_timeout_in_minutes": 4,
            "ip_address": "40.80.148.139",
            "ip_tags": {},
            "ip_version": "IPv4",
            "location": "eastus",
            "name": "public-ip-tkxelassign2",
            "public_ip_prefix_id": null,
            "resource_group_name": "1-11758d91-playground-sandbox",
            "reverse_fqdn": null,
            "sku": "Basic",
            "sku_tier": "Regional",
            "tags": {},
            "timeouts": null,
            "zones": []
          },
          "sensitive_attributes": [],
          "private": "eyJlMmJmYjczMC1lY2FhLTExZTYtOGY4OC0zNDM2M2JjN2M0YzAiOnsiY3JlYXRlIjoxODAwMDAwMDAwMDAwLCJkZWxldGUiOjE4MDAwMDAwMDAwMDAsInJlYWQiOjMwMDAwMDAwMDAwMCwidXBkYXRlIjoxODAwMDAwMDAwMDAwfX0=",
          "dependencies": [
            "data.azurerm_resource_group.existing"
          ]
        }
      ]
    },
    {
      "mode": "managed",
      "type": "azurerm_subnet",
      "name": "subnet-tkxelassign2",
      "provider": "provider[\"registry.terraform.io/hashicorp/azurerm\"]",
      "instances": [
        {
          "schema_version": 0,
          "attributes": {
            "address_prefixes": [
              "10.0.2.0/24"
            ],
            "delegation": [],
            "enforce_private_link_endpoint_network_policies": false,
            "enforce_private_link_service_network_policies": false,
            "id": "/subscriptions/28e1e42a-4438-4c30-9a5f-7d7b488fd883/resourceGroups/1-11758d91-playground-sandbox/providers/Microsoft.Network/virtualNetworks/network-tkxelassign2/subnets/subnet-tkxelassign2",
            "name": "subnet-tkxelassign2",
            "resource_group_name": "1-11758d91-playground-sandbox",
            "service_endpoint_policy_ids": [],
            "service_endpoints": [],
            "timeouts": null,
            "virtual_network_name": "network-tkxelassign2"
          },
          "sensitive_attributes": [],
          "private": "eyJlMmJmYjczMC1lY2FhLTExZTYtOGY4OC0zNDM2M2JjN2M0YzAiOnsiY3JlYXRlIjoxODAwMDAwMDAwMDAwLCJkZWxldGUiOjE4MDAwMDAwMDAwMDAsInJlYWQiOjMwMDAwMDAwMDAwMCwidXBkYXRlIjoxODAwMDAwMDAwMDAwfX0=",
          "dependencies": [
            "azurerm_virtual_network.vn-tkxelassign2",
            "data.azurerm_resource_group.existing"
          ]
        }
      ]
    },
    {
      "mode": "managed",
      "type": "azurerm_virtual_machine",
      "name": "vm-tkxelassign2",
      "provider": "provider[\"registry.terraform.io/hashicorp/azurerm\"]",
      "instances": [
        {
          "schema_version": 0,
          "attributes": {
            "additional_capabilities": [],
            "availability_set_id": null,
            "boot_diagnostics": [],
            "delete_data_disks_on_termination": false,
            "delete_os_disk_on_termination": false,
            "id": "/subscriptions/28e1e42a-4438-4c30-9a5f-7d7b488fd883/resourceGroups/1-11758d91-playground-sandbox/providers/Microsoft.Compute/virtualMachines/vm-tkxelassign2",
            "identity": [],
            "license_type": null,
            "location": "eastus",
            "name": "vm-tkxelassign2",
            "network_interface_ids": [
              "/subscriptions/28e1e42a-4438-4c30-9a5f-7d7b488fd883/resourceGroups/1-11758d91-playground-sandbox/providers/Microsoft.Network/networkInterfaces/tkxelassign2-nic"
            ],
            "os_profile": [
              {
                "admin_password": "",
                "admin_username": "mahad",
                "computer_name": "vm-tkxelassign2",
                "custom_data": ""
              }
            ],
            "os_profile_linux_config": [
              {
                "disable_password_authentication": false,
                "ssh_keys": [
                  {
                    "key_data": "ssh-rsa AAAAB3NzaC1yc2EAAAADAQABAAABAQDFlNhosMkDW2S/TjR7GYBCjczUzLxEUg3PsKvPPyUUZezSb01IgFPCPQy8Cnf6Omll4tyeCgdrmD582F9fmlQ+Wq1XiRJsm6BYjoBs7XXJPkfCVoRrEA69iyH5Od/mx2pkK/LDsYO1YcC/dA2rMXOKcbxPBnGrDmjphnsJIu/jKhrD6p75qQxqvv/9WgYNpSccOE6VQBN6/LB4eKL1AVrXAky7k0PTLFwbo/OK32S2qO2Nkxz/N7KLC0gT3/MziJZi6bz0o2xZ/MEaDBpmXAjiDId8i7o/8GHrSojU62SrFsEFW6Jmg0MUiPAYRhDIILkLMfjebh7mRubeEYcYs1D7 tk-lpt-888@TK-LPT-0888\n",
                    "path": "/home/mahad/.ssh/authorized_keys"
                  }
                ]
              }
            ],
            "os_profile_secrets": [],
            "os_profile_windows_config": [],
            "plan": [],
            "primary_network_interface_id": null,
            "proximity_placement_group_id": null,
            "resource_group_name": "1-11758d91-playground-sandbox",
            "storage_data_disk": [],
            "storage_image_reference": [
              {
                "id": "",
                "offer": "0001-com-ubuntu-server-jammy",
                "publisher": "Canonical",
                "sku": "22_04-lts",
                "version": "latest"
              }
            ],
            "storage_os_disk": [
              {
                "caching": "ReadWrite",
                "create_option": "FromImage",
                "disk_size_gb": 30,
                "image_uri": "",
                "managed_disk_id": "/subscriptions/28e1e42a-4438-4c30-9a5f-7d7b488fd883/resourceGroups/1-11758d91-playground-sandbox/providers/Microsoft.Compute/disks/myosdisk1",
                "managed_disk_type": "Standard_LRS",
                "name": "myosdisk1",
                "os_type": "Linux",
                "vhd_uri": "",
                "write_accelerator_enabled": false
              }
            ],
            "tags": {
              "environment": "testing"
            },
            "timeouts": null,
            "vm_size": "Standard_B1s",
            "zones": []
          },
          "sensitive_attributes": [
            [
              {
                "type": "get_attr",
                "value": "os_profile"
              }
            ],
            [
              {
                "type": "get_attr",
                "value": "os_profile_linux_config"
              }
            ]
          ],
          "private": "eyJlMmJmYjczMC1lY2FhLTExZTYtOGY4OC0zNDM2M2JjN2M0YzAiOnsiY3JlYXRlIjozNjAwMDAwMDAwMDAwLCJkZWxldGUiOjM2MDAwMDAwMDAwMDAsInJlYWQiOjMwMDAwMDAwMDAwMCwidXBkYXRlIjozNjAwMDAwMDAwMDAwfX0=",
          "dependencies": [
            "azurerm_network_interface.nic-tkxelassign2",
            "azurerm_public_ip.terraform_public_ip",
            "azurerm_subnet.subnet-tkxelassign2",
            "azurerm_virtual_network.vn-tkxelassign2",
            "data.azurerm_resource_group.existing"
          ]
        }
      ]
    },
    {
      "mode": "managed",
      "type": "azurerm_virtual_network",
      "name": "vn-tkxelassign2",
      "provider": "provider[\"registry.terraform.io/hashicorp/azurerm\"]",
      "instances": [
        {
          "schema_version": 0,
          "attributes": {
            "address_space": [
              "10.0.0.0/16"
            ],
            "bgp_community": "",
            "ddos_protection_plan": [],
            "dns_servers": [],
            "edge_zone": "",
            "flow_timeout_in_minutes": 0,
            "guid": "d725dc24-4136-4137-9e1f-ccddc783a05b",
            "id": "/subscriptions/28e1e42a-4438-4c30-9a5f-7d7b488fd883/resourceGroups/1-11758d91-playground-sandbox/providers/Microsoft.Network/virtualNetworks/network-tkxelassign2",
            "location": "eastus",
            "name": "network-tkxelassign2",
            "resource_group_name": "1-11758d91-playground-sandbox",
            "subnet": [
              {
                "address_prefix": "10.0.2.0/24",
                "id": "/subscriptions/28e1e42a-4438-4c30-9a5f-7d7b488fd883/resourceGroups/1-11758d91-playground-sandbox/providers/Microsoft.Network/virtualNetworks/network-tkxelassign2/subnets/subnet-tkxelassign2",
                "name": "subnet-tkxelassign2",
                "security_group": ""
              }
            ],
            "tags": {},
            "timeouts": null
          },
          "sensitive_attributes": [],
          "private": "eyJlMmJmYjczMC1lY2FhLTExZTYtOGY4OC0zNDM2M2JjN2M0YzAiOnsiY3JlYXRlIjoxODAwMDAwMDAwMDAwLCJkZWxldGUiOjE4MDAwMDAwMDAwMDAsInJlYWQiOjMwMDAwMDAwMDAwMCwidXBkYXRlIjoxODAwMDAwMDAwMDAwfX0=",
          "dependencies": [
            "data.azurerm_resource_group.existing"
          ]
        }
      ]
    }
  ],
  "check_results": null
}
